
Microsoft Visual Studio Solution File, Format Version 12.00
# Visual Studio 14
VisualStudioVersion = 14.0.25420.1
MinimumVisualStudioVersion = 10.0.40219.1
Project("{FAE04EC0-301F-11D3-BF4B-00C04F79EFBC}") = "Framework4.TestProject", "Framework4.TestProject\Framework4.TestProject.csproj", "{1EFEEA02-B805-4E2D-A912-3FB5E76A1AF2}"
EndProject
Project("{FAE04EC0-301F-11D3-BF4B-00C04F79EFBC}") = "Framework45.TestProject", "Framework4.5.TestProject\Framework45.TestProject.csproj", "{32EB4286-AC28-44CB-A31B-494643F00DE0}"
EndProject
Project("{FAE04EC0-301F-11D3-BF4B-00C04F79EFBC}") = "Framework451.TestProject", "Framework4.5.1.TestProject\Framework451.TestProject.csproj", "{1FB7B308-E9E3-4A57-AFE0-57209097DDAD}"
EndProject
Project("{FAE04EC0-301F-11D3-BF4B-00C04F79EFBC}") = "Framework452.TestProject", "Framework4.5.2.TestProject\Framework452.TestProject.csproj", "{7AF5286A-69EE-4C37-BD4A-AF4524A88C29}"
EndProject
Project("{FAE04EC0-301F-11D3-BF4B-00C04F79EFBC}") = "Framework46.TestProject", "Framework46.TestProject\Framework46.TestProject.csproj", "{CB37402E-4339-42BB-8B2B-1B2ED0A05C19}"
EndProject
Project("{FAE04EC0-301F-11D3-BF4B-00C04F79EFBC}") = "Framework461.TestProject", "Framework461.TestProject\Framework461.TestProject.csproj", "{AE10AF21-0F29-4C7B-92A3-A3A68873C607}"
EndProject
Project("{FAE04EC0-301F-11D3-BF4B-00C04F79EFBC}") = "Framework462.TestProject", "Framework462.TestProject\Framework462.TestProject.csproj", "{438B92C9-2329-4088-B29C-A274F5FB451A}"
EndProject
Project("{FAE04EC0-301F-11D3-BF4B-00C04F79EFBC}") = "Win8.TestProject", "Win8.TestProject\Win8.TestProject.csproj", "{36DD9307-5870-43E0-A02E-0597C819BE79}"
EndProject
Project("{FAE04EC0-301F-11D3-BF4B-00C04F79EFBC}") = "SuccincT.JSON.TestProject", "SuccincT.JSON.TestProject\SuccincT.JSON.TestProject.csproj", "{BF9D66E1-206A-4457-9262-51F3FE3E0292}"
EndProject
Global
	GlobalSection(SolutionConfigurationPlatforms) = preSolution
		Debug|Any CPU = Debug|Any CPU
		Debug|ARM = Debug|ARM
		Debug|x64 = Debug|x64
		Debug|x86 = Debug|x86
		Release|Any CPU = Release|Any CPU
		Release|ARM = Release|ARM
		Release|x64 = Release|x64
		Release|x86 = Release|x86
	EndGlobalSection
	GlobalSection(ProjectConfigurationPlatforms) = postSolution
		{1EFEEA02-B805-4E2D-A912-3FB5E76A1AF2}.Debug|Any CPU.ActiveCfg = Debug|Any CPU
		{1EFEEA02-B805-4E2D-A912-3FB5E76A1AF2}.Debug|Any CPU.Build.0 = Debug|Any CPU
		{1EFEEA02-B805-4E2D-A912-3FB5E76A1AF2}.Debug|ARM.ActiveCfg = Debug|Any CPU
		{1EFEEA02-B805-4E2D-A912-3FB5E76A1AF2}.Debug|ARM.Build.0 = Debug|Any CPU
		{1EFEEA02-B805-4E2D-A912-3FB5E76A1AF2}.Debug|x64.ActiveCfg = Debug|Any CPU
		{1EFEEA02-B805-4E2D-A912-3FB5E76A1AF2}.Debug|x64.Build.0 = Debug|Any CPU
		{1EFEEA02-B805-4E2D-A912-3FB5E76A1AF2}.Debug|x86.ActiveCfg = Debug|Any CPU
		{1EFEEA02-B805-4E2D-A912-3FB5E76A1AF2}.Debug|x86.Build.0 = Debug|Any CPU
		{1EFEEA02-B805-4E2D-A912-3FB5E76A1AF2}.Release|Any CPU.ActiveCfg = Release|Any CPU
		{1EFEEA02-B805-4E2D-A912-3FB5E76A1AF2}.Release|Any CPU.Build.0 = Release|Any CPU
		{1EFEEA02-B805-4E2D-A912-3FB5E76A1AF2}.Release|ARM.ActiveCfg = Release|Any CPU
		{1EFEEA02-B805-4E2D-A912-3FB5E76A1AF2}.Release|ARM.Build.0 = Release|Any CPU
		{1EFEEA02-B805-4E2D-A912-3FB5E76A1AF2}.Release|x64.ActiveCfg = Release|Any CPU
		{1EFEEA02-B805-4E2D-A912-3FB5E76A1AF2}.Release|x64.Build.0 = Release|Any CPU
		{1EFEEA02-B805-4E2D-A912-3FB5E76A1AF2}.Release|x86.ActiveCfg = Release|Any CPU
		{1EFEEA02-B805-4E2D-A912-3FB5E76A1AF2}.Release|x86.Build.0 = Release|Any CPU
		{32EB4286-AC28-44CB-A31B-494643F00DE0}.Debug|Any CPU.ActiveCfg = Debug|Any CPU
		{32EB4286-AC28-44CB-A31B-494643F00DE0}.Debug|Any CPU.Build.0 = Debug|Any CPU
		{32EB4286-AC28-44CB-A31B-494643F00DE0}.Debug|ARM.ActiveCfg = Debug|Any CPU
		{32EB4286-AC28-44CB-A31B-494643F00DE0}.Debug|ARM.Build.0 = Debug|Any CPU
		{32EB4286-AC28-44CB-A31B-494643F00DE0}.Debug|x64.ActiveCfg = Debug|Any CPU
		{32EB4286-AC28-44CB-A31B-494643F00DE0}.Debug|x64.Build.0 = Debug|Any CPU
		{32EB4286-AC28-44CB-A31B-494643F00DE0}.Debug|x86.ActiveCfg = Debug|Any CPU
		{32EB4286-AC28-44CB-A31B-494643F00DE0}.Debug|x86.Build.0 = Debug|Any CPU
		{32EB4286-AC28-44CB-A31B-494643F00DE0}.Release|Any CPU.ActiveCfg = Release|Any CPU
		{32EB4286-AC28-44CB-A31B-494643F00DE0}.Release|Any CPU.Build.0 = Release|Any CPU
		{32EB4286-AC28-44CB-A31B-494643F00DE0}.Release|ARM.ActiveCfg = Release|Any CPU
		{32EB4286-AC28-44CB-A31B-494643F00DE0}.Release|ARM.Build.0 = Release|Any CPU
		{32EB4286-AC28-44CB-A31B-494643F00DE0}.Release|x64.ActiveCfg = Release|Any CPU
		{32EB4286-AC28-44CB-A31B-494643F00DE0}.Release|x64.Build.0 = Release|Any CPU
		{32EB4286-AC28-44CB-A31B-494643F00DE0}.Release|x86.ActiveCfg = Release|Any CPU
		{32EB4286-AC28-44CB-A31B-494643F00DE0}.Release|x86.Build.0 = Release|Any CPU
		{1FB7B308-E9E3-4A57-AFE0-57209097DDAD}.Debug|Any CPU.ActiveCfg = Debug|Any CPU
		{1FB7B308-E9E3-4A57-AFE0-57209097DDAD}.Debug|Any CPU.Build.0 = Debug|Any CPU
		{1FB7B308-E9E3-4A57-AFE0-57209097DDAD}.Debug|ARM.ActiveCfg = Debug|Any CPU
		{1FB7B308-E9E3-4A57-AFE0-57209097DDAD}.Debug|ARM.Build.0 = Debug|Any CPU
		{1FB7B308-E9E3-4A57-AFE0-57209097DDAD}.Debug|x64.ActiveCfg = Debug|Any CPU
		{1FB7B308-E9E3-4A57-AFE0-57209097DDAD}.Debug|x64.Build.0 = Debug|Any CPU
		{1FB7B308-E9E3-4A57-AFE0-57209097DDAD}.Debug|x86.ActiveCfg = Debug|Any CPU
		{1FB7B308-E9E3-4A57-AFE0-57209097DDAD}.Debug|x86.Build.0 = Debug|Any CPU
		{1FB7B308-E9E3-4A57-AFE0-57209097DDAD}.Release|Any CPU.ActiveCfg = Release|Any CPU
		{1FB7B308-E9E3-4A57-AFE0-57209097DDAD}.Release|Any CPU.Build.0 = Release|Any CPU
		{1FB7B308-E9E3-4A57-AFE0-57209097DDAD}.Release|ARM.ActiveCfg = Release|Any CPU
		{1FB7B308-E9E3-4A57-AFE0-57209097DDAD}.Release|ARM.Build.0 = Release|Any CPU
		{1FB7B308-E9E3-4A57-AFE0-57209097DDAD}.Release|x64.ActiveCfg = Release|Any CPU
		{1FB7B308-E9E3-4A57-AFE0-57209097DDAD}.Release|x64.Build.0 = Release|Any CPU
		{1FB7B308-E9E3-4A57-AFE0-57209097DDAD}.Release|x86.ActiveCfg = Release|Any CPU
		{1FB7B308-E9E3-4A57-AFE0-57209097DDAD}.Release|x86.Build.0 = Release|Any CPU
		{7AF5286A-69EE-4C37-BD4A-AF4524A88C29}.Debug|Any CPU.ActiveCfg = Debug|Any CPU
		{7AF5286A-69EE-4C37-BD4A-AF4524A88C29}.Debug|Any CPU.Build.0 = Debug|Any CPU
		{7AF5286A-69EE-4C37-BD4A-AF4524A88C29}.Debug|ARM.ActiveCfg = Debug|Any CPU
		{7AF5286A-69EE-4C37-BD4A-AF4524A88C29}.Debug|ARM.Build.0 = Debug|Any CPU
		{7AF5286A-69EE-4C37-BD4A-AF4524A88C29}.Debug|x64.ActiveCfg = Debug|Any CPU
		{7AF5286A-69EE-4C37-BD4A-AF4524A88C29}.Debug|x64.Build.0 = Debug|Any CPU
		{7AF5286A-69EE-4C37-BD4A-AF4524A88C29}.Debug|x86.ActiveCfg = Debug|Any CPU
		{7AF5286A-69EE-4C37-BD4A-AF4524A88C29}.Debug|x86.Build.0 = Debug|Any CPU
		{7AF5286A-69EE-4C37-BD4A-AF4524A88C29}.Release|Any CPU.ActiveCfg = Release|Any CPU
		{7AF5286A-69EE-4C37-BD4A-AF4524A88C29}.Release|Any CPU.Build.0 = Release|Any CPU
		{7AF5286A-69EE-4C37-BD4A-AF4524A88C29}.Release|ARM.ActiveCfg = Release|Any CPU
		{7AF5286A-69EE-4C37-BD4A-AF4524A88C29}.Release|ARM.Build.0 = Release|Any CPU
		{7AF5286A-69EE-4C37-BD4A-AF4524A88C29}.Release|x64.ActiveCfg = Release|Any CPU
		{7AF5286A-69EE-4C37-BD4A-AF4524A88C29}.Release|x64.Build.0 = Release|Any CPU
		{7AF5286A-69EE-4C37-BD4A-AF4524A88C29}.Release|x86.ActiveCfg = Release|Any CPU
		{7AF5286A-69EE-4C37-BD4A-AF4524A88C29}.Release|x86.Build.0 = Release|Any CPU
		{CB37402E-4339-42BB-8B2B-1B2ED0A05C19}.Debug|Any CPU.ActiveCfg = Debug|Any CPU
		{CB37402E-4339-42BB-8B2B-1B2ED0A05C19}.Debug|Any CPU.Build.0 = Debug|Any CPU
		{CB37402E-4339-42BB-8B2B-1B2ED0A05C19}.Debug|ARM.ActiveCfg = Debug|Any CPU
		{CB37402E-4339-42BB-8B2B-1B2ED0A05C19}.Debug|ARM.Build.0 = Debug|Any CPU
		{CB37402E-4339-42BB-8B2B-1B2ED0A05C19}.Debug|x64.ActiveCfg = Debug|Any CPU
		{CB37402E-4339-42BB-8B2B-1B2ED0A05C19}.Debug|x64.Build.0 = Debug|Any CPU
		{CB37402E-4339-42BB-8B2B-1B2ED0A05C19}.Debug|x86.ActiveCfg = Debug|Any CPU
		{CB37402E-4339-42BB-8B2B-1B2ED0A05C19}.Debug|x86.Build.0 = Debug|Any CPU
		{CB37402E-4339-42BB-8B2B-1B2ED0A05C19}.Release|Any CPU.ActiveCfg = Release|Any CPU
		{CB37402E-4339-42BB-8B2B-1B2ED0A05C19}.Release|Any CPU.Build.0 = Release|Any CPU
		{CB37402E-4339-42BB-8B2B-1B2ED0A05C19}.Release|ARM.ActiveCfg = Release|Any CPU
		{CB37402E-4339-42BB-8B2B-1B2ED0A05C19}.Release|ARM.Build.0 = Release|Any CPU
		{CB37402E-4339-42BB-8B2B-1B2ED0A05C19}.Release|x64.ActiveCfg = Release|Any CPU
		{CB37402E-4339-42BB-8B2B-1B2ED0A05C19}.Release|x64.Build.0 = Release|Any CPU
		{CB37402E-4339-42BB-8B2B-1B2ED0A05C19}.Release|x86.ActiveCfg = Release|Any CPU
		{CB37402E-4339-42BB-8B2B-1B2ED0A05C19}.Release|x86.Build.0 = Release|Any CPU
		{AE10AF21-0F29-4C7B-92A3-A3A68873C607}.Debug|Any CPU.ActiveCfg = Debug|Any CPU
		{AE10AF21-0F29-4C7B-92A3-A3A68873C607}.Debug|Any CPU.Build.0 = Debug|Any CPU
		{AE10AF21-0F29-4C7B-92A3-A3A68873C607}.Debug|ARM.ActiveCfg = Debug|Any CPU
		{AE10AF21-0F29-4C7B-92A3-A3A68873C607}.Debug|ARM.Build.0 = Debug|Any CPU
		{AE10AF21-0F29-4C7B-92A3-A3A68873C607}.Debug|x64.ActiveCfg = Debug|Any CPU
		{AE10AF21-0F29-4C7B-92A3-A3A68873C607}.Debug|x64.Build.0 = Debug|Any CPU
		{AE10AF21-0F29-4C7B-92A3-A3A68873C607}.Debug|x86.ActiveCfg = Debug|Any CPU
		{AE10AF21-0F29-4C7B-92A3-A3A68873C607}.Debug|x86.Build.0 = Debug|Any CPU
		{AE10AF21-0F29-4C7B-92A3-A3A68873C607}.Release|Any CPU.ActiveCfg = Release|Any CPU
		{AE10AF21-0F29-4C7B-92A3-A3A68873C607}.Release|Any CPU.Build.0 = Release|Any CPU
		{AE10AF21-0F29-4C7B-92A3-A3A68873C607}.Release|ARM.ActiveCfg = Release|Any CPU
		{AE10AF21-0F29-4C7B-92A3-A3A68873C607}.Release|ARM.Build.0 = Release|Any CPU
		{AE10AF21-0F29-4C7B-92A3-A3A68873C607}.Release|x64.ActiveCfg = Release|Any CPU
		{AE10AF21-0F29-4C7B-92A3-A3A68873C607}.Release|x64.Build.0 = Release|Any CPU
		{AE10AF21-0F29-4C7B-92A3-A3A68873C607}.Release|x86.ActiveCfg = Release|Any CPU
		{AE10AF21-0F29-4C7B-92A3-A3A68873C607}.Release|x86.Build.0 = Release|Any CPU
		{438B92C9-2329-4088-B29C-A274F5FB451A}.Debug|Any CPU.ActiveCfg = Debug|Any CPU
		{438B92C9-2329-4088-B29C-A274F5FB451A}.Debug|Any CPU.Build.0 = Debug|Any CPU
		{438B92C9-2329-4088-B29C-A274F5FB451A}.Debug|ARM.ActiveCfg = Debug|Any CPU
		{438B92C9-2329-4088-B29C-A274F5FB451A}.Debug|ARM.Build.0 = Debug|Any CPU
		{438B92C9-2329-4088-B29C-A274F5FB451A}.Debug|x64.ActiveCfg = Debug|Any CPU
		{438B92C9-2329-4088-B29C-A274F5FB451A}.Debug|x64.Build.0 = Debug|Any CPU
		{438B92C9-2329-4088-B29C-A274F5FB451A}.Debug|x86.ActiveCfg = Debug|Any CPU
		{438B92C9-2329-4088-B29C-A274F5FB451A}.Debug|x86.Build.0 = Debug|Any CPU
		{438B92C9-2329-4088-B29C-A274F5FB451A}.Release|Any CPU.ActiveCfg = Release|Any CPU
		{438B92C9-2329-4088-B29C-A274F5FB451A}.Release|Any CPU.Build.0 = Release|Any CPU
		{438B92C9-2329-4088-B29C-A274F5FB451A}.Release|ARM.ActiveCfg = Release|Any CPU
		{438B92C9-2329-4088-B29C-A274F5FB451A}.Release|ARM.Build.0 = Release|Any CPU
		{438B92C9-2329-4088-B29C-A274F5FB451A}.Release|x64.ActiveCfg = Release|Any CPU
		{438B92C9-2329-4088-B29C-A274F5FB451A}.Release|x64.Build.0 = Release|Any CPU
		{438B92C9-2329-4088-B29C-A274F5FB451A}.Release|x86.ActiveCfg = Release|Any CPU
		{438B92C9-2329-4088-B29C-A274F5FB451A}.Release|x86.Build.0 = Release|Any CPU
		{36DD9307-5870-43E0-A02E-0597C819BE79}.Debug|Any CPU.ActiveCfg = Debug|Any CPU
		{36DD9307-5870-43E0-A02E-0597C819BE79}.Debug|Any CPU.Build.0 = Debug|Any CPU
		{36DD9307-5870-43E0-A02E-0597C819BE79}.Debug|Any CPU.Deploy.0 = Debug|Any CPU
		{36DD9307-5870-43E0-A02E-0597C819BE79}.Debug|ARM.ActiveCfg = Debug|ARM
		{36DD9307-5870-43E0-A02E-0597C819BE79}.Debug|ARM.Build.0 = Debug|ARM
		{36DD9307-5870-43E0-A02E-0597C819BE79}.Debug|ARM.Deploy.0 = Debug|ARM
		{36DD9307-5870-43E0-A02E-0597C819BE79}.Debug|x64.ActiveCfg = Debug|x64
		{36DD9307-5870-43E0-A02E-0597C819BE79}.Debug|x64.Build.0 = Debug|x64
		{36DD9307-5870-43E0-A02E-0597C819BE79}.Debug|x64.Deploy.0 = Debug|x64
		{36DD9307-5870-43E0-A02E-0597C819BE79}.Debug|x86.ActiveCfg = Debug|x86
		{36DD9307-5870-43E0-A02E-0597C819BE79}.Debug|x86.Build.0 = Debug|x86
		{36DD9307-5870-43E0-A02E-0597C819BE79}.Debug|x86.Deploy.0 = Debug|x86
		{36DD9307-5870-43E0-A02E-0597C819BE79}.Release|Any CPU.ActiveCfg = Release|Any CPU
		{36DD9307-5870-43E0-A02E-0597C819BE79}.Release|Any CPU.Build.0 = Release|Any CPU
		{36DD9307-5870-43E0-A02E-0597C819BE79}.Release|Any CPU.Deploy.0 = Release|Any CPU
		{36DD9307-5870-43E0-A02E-0597C819BE79}.Release|ARM.ActiveCfg = Release|ARM
		{36DD9307-5870-43E0-A02E-0597C819BE79}.Release|ARM.Build.0 = Release|ARM
		{36DD9307-5870-43E0-A02E-0597C819BE79}.Release|ARM.Deploy.0 = Release|ARM
		{36DD9307-5870-43E0-A02E-0597C819BE79}.Release|x64.ActiveCfg = Release|x64
		{36DD9307-5870-43E0-A02E-0597C819BE79}.Release|x64.Build.0 = Release|x64
		{36DD9307-5870-43E0-A02E-0597C819BE79}.Release|x64.Deploy.0 = Release|x64
		{36DD9307-5870-43E0-A02E-0597C819BE79}.Release|x86.ActiveCfg = Release|x86
		{36DD9307-5870-43E0-A02E-0597C819BE79}.Release|x86.Build.0 = Release|x86
		{36DD9307-5870-43E0-A02E-0597C819BE79}.Release|x86.Deploy.0 = Release|x86
		{BF9D66E1-206A-4457-9262-51F3FE3E0292}.Debug|Any CPU.ActiveCfg = Debug|Any CPU
		{BF9D66E1-206A-4457-9262-51F3FE3E0292}.Debug|Any CPU.Build.0 = Debug|Any CPU
		{BF9D66E1-206A-4457-9262-51F3FE3E0292}.Debug|ARM.ActiveCfg = Debug|Any CPU
		{BF9D66E1-206A-4457-9262-51F3FE3E0292}.Debug|ARM.Build.0 = Debug|Any CPU
		{BF9D66E1-206A-4457-9262-51F3FE3E0292}.Debug|x64.ActiveCfg = Debug|Any CPU
		{BF9D66E1-206A-4457-9262-51F3FE3E0292}.Debug|x64.Build.0 = Debug|Any CPU
		{BF9D66E1-206A-4457-9262-51F3FE3E0292}.Debug|x86.ActiveCfg = Debug|Any CPU
		{BF9D66E1-206A-4457-9262-51F3FE3E0292}.Debug|x86.Build.0 = Debug|Any CPU
		{BF9D66E1-206A-4457-9262-51F3FE3E0292}.Release|Any CPU.ActiveCfg = Release|Any CPU
		{BF9D66E1-206A-4457-9262-51F3FE3E0292}.Release|Any CPU.Build.0 = Release|Any CPU
		{BF9D66E1-206A-4457-9262-51F3FE3E0292}.Release|ARM.ActiveCfg = Release|Any CPU
		{BF9D66E1-206A-4457-9262-51F3FE3E0292}.Release|ARM.Build.0 = Release|Any CPU
		{BF9D66E1-206A-4457-9262-51F3FE3E0292}.Release|x64.ActiveCfg = Release|Any CPU
		{BF9D66E1-206A-4457-9262-51F3FE3E0292}.Release|x64.Build.0 = Release|Any CPU
		{BF9D66E1-206A-4457-9262-51F3FE3E0292}.Release|x86.ActiveCfg = Release|Any CPU
		{BF9D66E1-206A-4457-9262-51F3FE3E0292}.Release|x86.Build.0 = Release|Any CPU
	EndGlobalSection
	GlobalSection(SolutionProperties) = preSolution
		HideSolutionNode = FALSE
	EndGlobalSection
EndGlobal
